<?xml version="1.0" encoding="utf-8"?>
<Project ToolsVersion="4.0" xmlns="http://schemas.microsoft.com/developer/msbuild/2003">
  <ItemGroup>
    <Filter Include="Math">
      <UniqueIdentifier>{4FC737F1-C7A5-4376-A066-2A32D752A2FF}</UniqueIdentifier>
      <Extensions>cpp;c;cc;cxx;def;odl;idl;hpj;bat;asm;asmx</Extensions>
    </Filter>
    <Filter Include="Renderer">
      <UniqueIdentifier>{ddb17eba-e15e-4597-8bf6-064b16b159d3}</UniqueIdentifier>
    </Filter>
    <Filter Include="Helpers">
      <UniqueIdentifier>{72056cb6-72a2-42b7-b05e-376f1ddd957e}</UniqueIdentifier>
    </Filter>
    <Filter Include="Light">
      <UniqueIdentifier>{762a70d4-0ad9-4551-b3aa-58b0a4136272}</UniqueIdentifier>
    </Filter>
    <Filter Include="Material">
      <UniqueIdentifier>{f717adac-0879-424a-ba3f-0d262c56447b}</UniqueIdentifier>
    </Filter>
    <Filter Include="object">
      <UniqueIdentifier>{bc1bc17f-a860-4c19-b330-fa27c51472bb}</UniqueIdentifier>
    </Filter>
    <Filter Include="Camera">
      <UniqueIdentifier>{932aa230-791a-454d-a5f3-f00270c0253a}</UniqueIdentifier>
    </Filter>
    <Filter Include="Brdf">
      <UniqueIdentifier>{21fc1026-bfd8-4c53-af7a-6e915defb764}</UniqueIdentifier>
    </Filter>
    <Filter Include="Scenes">
      <UniqueIdentifier>{11da47d1-3f8a-4d9f-a343-97f47e3db97f}</UniqueIdentifier>
    </Filter>
  </ItemGroup>
  <ItemGroup>
    <ClInclude Include="EMath.h">
      <Filter>Math</Filter>
    </ClInclude>
    <ClInclude Include="EMathUtilities.h">
      <Filter>Math</Filter>
    </ClInclude>
    <ClInclude Include="EMatrix.h">
      <Filter>Math</Filter>
    </ClInclude>
    <ClInclude Include="EMatrix2.h">
      <Filter>Math</Filter>
    </ClInclude>
    <ClInclude Include="EMatrix3.h">
      <Filter>Math</Filter>
    </ClInclude>
    <ClInclude Include="EMatrix4.h">
      <Filter>Math</Filter>
    </ClInclude>
    <ClInclude Include="EPoint.h">
      <Filter>Math</Filter>
    </ClInclude>
    <ClInclude Include="EPoint2.h">
      <Filter>Math</Filter>
    </ClInclude>
    <ClInclude Include="EPoint3.h">
      <Filter>Math</Filter>
    </ClInclude>
    <ClInclude Include="EPoint4.h">
      <Filter>Math</Filter>
    </ClInclude>
    <ClInclude Include="EVector.h">
      <Filter>Math</Filter>
    </ClInclude>
    <ClInclude Include="EVector2.h">
      <Filter>Math</Filter>
    </ClInclude>
    <ClInclude Include="EVector3.h">
      <Filter>Math</Filter>
    </ClInclude>
    <ClInclude Include="ERenderer.h">
      <Filter>Renderer</Filter>
    </ClInclude>
    <ClInclude Include="ERGBColor.h">
      <Filter>Helpers</Filter>
    </ClInclude>
    <ClInclude Include="ETimer.h">
      <Filter>Helpers</Filter>
    </ClInclude>
    <ClInclude Include="EVector4.h">
      <Filter>Math</Filter>
    </ClInclude>
    <ClInclude Include="Light.h">
      <Filter>Light</Filter>
    </ClInclude>
    <ClInclude Include="PointLight.h">
      <Filter>Light</Filter>
    </ClInclude>
    <ClInclude Include="DirectionalLight.h">
      <Filter>Light</Filter>
    </ClInclude>
    <ClInclude Include="LightManager.h">
      <Filter>Light</Filter>
    </ClInclude>
    <ClInclude Include="Material.h">
      <Filter>Material</Filter>
    </ClInclude>
    <ClInclude Include="ObjectManager.h">
      <Filter>object</Filter>
    </ClInclude>
    <ClInclude Include="Object.h">
      <Filter>object</Filter>
    </ClInclude>
    <ClInclude Include="Structs.h">
      <Filter>Helpers</Filter>
    </ClInclude>
    <ClInclude Include="pch.h">
      <Filter>Helpers</Filter>
    </ClInclude>
    <ClInclude Include="Mat_Lambert.h">
      <Filter>Material</Filter>
    </ClInclude>
    <ClInclude Include="Mat_LambertPhong.h">
      <Filter>Material</Filter>
    </ClInclude>
    <ClInclude Include="Mat_PBR.h">
      <Filter>Material</Filter>
    </ClInclude>
    <ClInclude Include="catch.hpp">
      <Filter>Helpers</Filter>
    </ClInclude>
    <ClInclude Include="Camera.h">
      <Filter>Camera</Filter>
    </ClInclude>
    <ClInclude Include="ObjReader.h">
      <Filter>object</Filter>
    </ClInclude>
    <ClInclude Include="BRDF.h">
      <Filter>Brdf</Filter>
    </ClInclude>
    <ClInclude Include="SceneManager.h">
      <Filter>Scenes</Filter>
    </ClInclude>
    <ClInclude Include="Scene.h">
      <Filter>Scenes</Filter>
    </ClInclude>
  </ItemGroup>
  <ItemGroup>
    <ClCompile Include="ERenderer.cpp">
      <Filter>Renderer</Filter>
    </ClCompile>
    <ClCompile Include="main.cpp" />
    <ClCompile Include="ETimer.cpp">
      <Filter>Helpers</Filter>
    </ClCompile>
    <ClCompile Include="Light.cpp">
      <Filter>Light</Filter>
    </ClCompile>
    <ClCompile Include="PointLight.cpp">
      <Filter>Light</Filter>
    </ClCompile>
    <ClCompile Include="DirectionalLight.cpp">
      <Filter>Light</Filter>
    </ClCompile>
    <ClCompile Include="LightManager.cpp">
      <Filter>Light</Filter>
    </ClCompile>
    <ClCompile Include="ObjectManager.cpp">
      <Filter>object</Filter>
    </ClCompile>
    <ClCompile Include="pch.cpp">
      <Filter>Helpers</Filter>
    </ClCompile>
    <ClCompile Include="Structs.cpp">
      <Filter>Helpers</Filter>
    </ClCompile>
    <ClCompile Include="Mat_Lambert.cpp">
      <Filter>Material</Filter>
    </ClCompile>
    <ClCompile Include="Mat_LambertPhong.cpp">
      <Filter>Material</Filter>
    </ClCompile>
    <ClCompile Include="Mat_PBR.cpp">
      <Filter>Material</Filter>
    </ClCompile>
    <ClCompile Include="Camera.cpp">
      <Filter>Camera</Filter>
    </ClCompile>
    <ClCompile Include="ObjReader.cpp">
      <Filter>object</Filter>
    </ClCompile>
    <ClCompile Include="BRDF.cpp">
      <Filter>Brdf</Filter>
    </ClCompile>
    <ClCompile Include="SceneManager.cpp">
      <Filter>Scenes</Filter>
    </ClCompile>
    <ClCompile Include="Scene.cpp">
      <Filter>Scenes</Filter>
    </ClCompile>
    <ClCompile Include="Object.cpp">
      <Filter>object</Filter>
    </ClCompile>
  </ItemGroup>
</Project>